
Microsoft Visual Studio Solution File, Format Version 12.00
# Visual Studio Version 17
VisualStudioVersion = 17.8.34205.153
MinimumVisualStudioVersion = 10.0.40219.1
Project("{FAE04EC0-301F-11D3-BF4B-00C04F79EFBC}") = "(POS)", "(POS)\(POS).csproj", "{67E916E1-4F34-4D81-9C01-A7D715373737}"
EndProject
Global
	GlobalSection(SolutionConfigurationPlatforms) = preSolution
		Debug|Any CPU = Debug|Any CPU
		Release|Any CPU = Release|Any CPU
	EndGlobalSection
	GlobalSection(ProjectConfigurationPlatforms) = postSolution
		{67E916E1-4F34-4D81-9C01-A7D715373737}.Debug|Any CPU.ActiveCfg = Debug|Any CPU
		{67E916E1-4F34-4D81-9C01-A7D715373737}.Debug|Any CPU.Build.0 = Debug|Any CPU
		{67E916E1-4F34-4D81-9C01-A7D715373737}.Debug|Any CPU.Deploy.0 = Debug|Any CPU
		{67E916E1-4F34-4D81-9C01-A7D715373737}.Release|Any CPU.ActiveCfg = Release|Any CPU
		{67E916E1-4F34-4D81-9C01-A7D715373737}.Release|Any CPU.Build.0 = Release|Any CPU
		{67E916E1-4F34-4D81-9C01-A7D715373737}.Release|Any CPU.Deploy.0 = Release|Any CPU
	EndGlobalSection
	GlobalSection(SolutionProperties) = preSolution
		HideSolutionNode = FALSE
	EndGlobalSection
	GlobalSection(ExtensibilityGlobals) = postSolution
		SolutionGuid = {A7FB5F53-85B9-47F9-9FE0-12C23A28906B}
	EndGlobalSection
EndGlobal
